// !$*UTF8*$!
{
	archiveVersion = 1;
	classes = {
	};
	objectVersion = 46;
	objects = {

/* Begin PBXBuildFile section */
		AA5422C41928E06400CE7A7A /* GameManager.cpp in Sources */ = {isa = PBXBuildFile; fileRef = AA5422C21928E06400CE7A7A /* GameManager.cpp */; };
		AA5422C71928E08D00CE7A7A /* GameState.cpp in Sources */ = {isa = PBXBuildFile; fileRef = AA5422C51928E08D00CE7A7A /* GameState.cpp */; };
		AA5422CA1928E14600CE7A7A /* RenderObject.cpp in Sources */ = {isa = PBXBuildFile; fileRef = AA5422C81928E14600CE7A7A /* RenderObject.cpp */; };
		AA5422CD1928E16F00CE7A7A /* CollisionDetection.cpp in Sources */ = {isa = PBXBuildFile; fileRef = AA5422CB1928E16F00CE7A7A /* CollisionDetection.cpp */; };
		AA5422D01928E1B600CE7A7A /* MainMenu.cpp in Sources */ = {isa = PBXBuildFile; fileRef = AA5422CE1928E1B600CE7A7A /* MainMenu.cpp */; };
		AA9CAD1B1931EA6700317121 /* Level1.cpp in Sources */ = {isa = PBXBuildFile; fileRef = AA9CAD191931EA6700317121 /* Level1.cpp */; };
		AA9CAD1E1931EA7500317121 /* Level2.cpp in Sources */ = {isa = PBXBuildFile; fileRef = AA9CAD1C1931EA7500317121 /* Level2.cpp */; };
		AAD609AF1927BAA700DD2D9D /* main.cpp in Sources */ = {isa = PBXBuildFile; fileRef = AAD609AE1927BAA700DD2D9D /* main.cpp */; };
		AAD609B11927BAA700DD2D9D /* TestEleven.1 in CopyFiles */ = {isa = PBXBuildFile; fileRef = AAD609B01927BAA700DD2D9D /* TestEleven.1 */; };
		AAD609BE1927BBBD00DD2D9D /* SDL2.framework in Frameworks */ = {isa = PBXBuildFile; fileRef = AAD609BD1927BBBD00DD2D9D /* SDL2.framework */; };
/* End PBXBuildFile section */

/* Begin PBXCopyFilesBuildPhase section */
		AAD609A91927BAA600DD2D9D /* CopyFiles */ = {
			isa = PBXCopyFilesBuildPhase;
			buildActionMask = 2147483647;
			dstPath = /usr/share/man/man1/;
			dstSubfolderSpec = 0;
			files = (
				AAD609B11927BAA700DD2D9D /* TestEleven.1 in CopyFiles */,
			);
			runOnlyForDeploymentPostprocessing = 1;
		};
/* End PBXCopyFilesBuildPhase section */

/* Begin PBXFileReference section */
		AA5422C21928E06400CE7A7A /* GameManager.cpp */ = {isa = PBXFileReference; fileEncoding = 4; lastKnownFileType = sourcecode.cpp.cpp; path = GameManager.cpp; sourceTree = "<group>"; };
		AA5422C31928E06400CE7A7A /* GameManager.h */ = {isa = PBXFileReference; fileEncoding = 4; lastKnownFileType = sourcecode.c.h; path = GameManager.h; sourceTree = "<group>"; };
		AA5422C51928E08D00CE7A7A /* GameState.cpp */ = {isa = PBXFileReference; fileEncoding = 4; lastKnownFileType = sourcecode.cpp.cpp; path = GameState.cpp; sourceTree = "<group>"; };
		AA5422C61928E08D00CE7A7A /* GameState.h */ = {isa = PBXFileReference; fileEncoding = 4; lastKnownFileType = sourcecode.c.h; path = GameState.h; sourceTree = "<group>"; };
		AA5422C81928E14600CE7A7A /* RenderObject.cpp */ = {isa = PBXFileReference; fileEncoding = 4; lastKnownFileType = sourcecode.cpp.cpp; path = RenderObject.cpp; sourceTree = "<group>"; };
		AA5422C91928E14600CE7A7A /* RenderObject.h */ = {isa = PBXFileReference; fileEncoding = 4; lastKnownFileType = sourcecode.c.h; path = RenderObject.h; sourceTree = "<group>"; };
		AA5422CB1928E16F00CE7A7A /* CollisionDetection.cpp */ = {isa = PBXFileReference; fileEncoding = 4; lastKnownFileType = sourcecode.cpp.cpp; path = CollisionDetection.cpp; sourceTree = "<group>"; };
		AA5422CC1928E16F00CE7A7A /* CollisionDetection.h */ = {isa = PBXFileReference; fileEncoding = 4; lastKnownFileType = sourcecode.c.h; path = CollisionDetection.h; sourceTree = "<group>"; };
		AA5422CE1928E1B600CE7A7A /* MainMenu.cpp */ = {isa = PBXFileReference; fileEncoding = 4; lastKnownFileType = sourcecode.cpp.cpp; path = MainMenu.cpp; sourceTree = "<group>"; };
		AA5422CF1928E1B600CE7A7A /* MainMenu.h */ = {isa = PBXFileReference; fileEncoding = 4; lastKnownFileType = sourcecode.c.h; path = MainMenu.h; sourceTree = "<group>"; };
		AA9CAD191931EA6700317121 /* Level1.cpp */ = {isa = PBXFileReference; fileEncoding = 4; lastKnownFileType = sourcecode.cpp.cpp; path = Level1.cpp; sourceTree = "<group>"; };
		AA9CAD1A1931EA6700317121 /* Level1.h */ = {isa = PBXFileReference; fileEncoding = 4; lastKnownFileType = sourcecode.c.h; path = Level1.h; sourceTree = "<group>"; };
		AA9CAD1C1931EA7500317121 /* Level2.cpp */ = {isa = PBXFileReference; fileEncoding = 4; lastKnownFileType = sourcecode.cpp.cpp; path = Level2.cpp; sourceTree = "<group>"; };
		AA9CAD1D1931EA7500317121 /* Level2.h */ = {isa = PBXFileReference; fileEncoding = 4; lastKnownFileType = sourcecode.c.h; path = Level2.h; sourceTree = "<group>"; };
		AAD609AB1927BAA600DD2D9D /* TestEleven */ = {isa = PBXFileReference; explicitFileType = "compiled.mach-o.executable"; includeInIndex = 0; path = TestEleven; sourceTree = BUILT_PRODUCTS_DIR; };
		AAD609AE1927BAA700DD2D9D /* main.cpp */ = {isa = PBXFileReference; lastKnownFileType = sourcecode.cpp.cpp; path = main.cpp; sourceTree = "<group>"; };
		AAD609B01927BAA700DD2D9D /* TestEleven.1 */ = {isa = PBXFileReference; lastKnownFileType = text.man; path = TestEleven.1; sourceTree = "<group>"; };
		AAD609BD1927BBBD00DD2D9D /* SDL2.framework */ = {isa = PBXFileReference; lastKnownFileType = wrapper.framework; path = SDL2.framework; sourceTree = "<group>"; };
/* End PBXFileReference section */

/* Begin PBXFrameworksBuildPhase section */
		AAD609A81927BAA600DD2D9D /* Frameworks */ = {
			isa = PBXFrameworksBuildPhase;
			buildActionMask = 2147483647;
			files = (
				AAD609BE1927BBBD00DD2D9D /* SDL2.framework in Frameworks */,
			);
			runOnlyForDeploymentPostprocessing = 0;
		};
/* End PBXFrameworksBuildPhase section */

/* Begin PBXGroup section */
		AAD609A21927BAA600DD2D9D = {
			isa = PBXGroup;
			children = (
				AAD609BD1927BBBD00DD2D9D /* SDL2.framework */,
				AAD609AD1927BAA600DD2D9D /* TestEleven */,
				AAD609AC1927BAA600DD2D9D /* Products */,
			);
			sourceTree = "<group>";
		};
		AAD609AC1927BAA600DD2D9D /* Products */ = {
			isa = PBXGroup;
			children = (
				AAD609AB1927BAA600DD2D9D /* TestEleven */,
			);
			name = Products;
			sourceTree = "<group>";
		};
		AAD609AD1927BAA600DD2D9D /* TestEleven */ = {
			isa = PBXGroup;
			children = (
				AAD609AE1927BAA700DD2D9D /* main.cpp */,
				AA5422C21928E06400CE7A7A /* GameManager.cpp */,
				AA5422C31928E06400CE7A7A /* GameManager.h */,
				AA5422C51928E08D00CE7A7A /* GameState.cpp */,
				AA5422C61928E08D00CE7A7A /* GameState.h */,
				AA5422C81928E14600CE7A7A /* RenderObject.cpp */,
				AA5422C91928E14600CE7A7A /* RenderObject.h */,
				AA5422CB1928E16F00CE7A7A /* CollisionDetection.cpp */,
				AA5422CC1928E16F00CE7A7A /* CollisionDetection.h */,
				AA5422CE1928E1B600CE7A7A /* MainMenu.cpp */,
				AA5422CF1928E1B600CE7A7A /* MainMenu.h */,
				AA9CAD191931EA6700317121 /* Level1.cpp */,
				AA9CAD1A1931EA6700317121 /* Level1.h */,
				AA9CAD1C1931EA7500317121 /* Level2.cpp */,
				AA9CAD1D1931EA7500317121 /* Level2.h */,
				AAD609B01927BAA700DD2D9D /* TestEleven.1 */,
			);
			path = TestEleven;
			sourceTree = "<group>";
		};
/* End PBXGroup section */

/* Begin PBXNativeTarget section */
		AAD609AA1927BAA600DD2D9D /* TestEleven */ = {
			isa = PBXNativeTarget;
			buildConfigurationList = AAD609B41927BAA700DD2D9D /* Build configuration list for PBXNativeTarget "TestEleven" */;
			buildPhases = (
				AAD609A71927BAA600DD2D9D /* Sources */,
				AAD609A81927BAA600DD2D9D /* Frameworks */,
				AAD609A91927BAA600DD2D9D /* CopyFiles */,
			);
			buildRules = (
			);
			dependencies = (
			);
			name = TestEleven;
			productName = TestEleven;
			productReference = AAD609AB1927BAA600DD2D9D /* TestEleven */;
			productType = "com.apple.product-type.tool";
		};
/* End PBXNativeTarget section */

/* Begin PBXProject section */
		AAD609A31927BAA600DD2D9D /* Project object */ = {
			isa = PBXProject;
			attributes = {
				LastUpgradeCheck = 0510;
				ORGANIZATIONNAME = "Muhd Mirza";
			};
			buildConfigurationList = AAD609A61927BAA600DD2D9D /* Build configuration list for PBXProject "TestEleven" */;
			compatibilityVersion = "Xcode 3.2";
			developmentRegion = English;
			hasScannedForEncodings = 0;
			knownRegions = (
				en,
			);
			mainGroup = AAD609A21927BAA600DD2D9D;
			productRefGroup = AAD609AC1927BAA600DD2D9D /* Products */;
			projectDirPath = "";
			projectRoot = "";
			targets = (
				AAD609AA1927BAA600DD2D9D /* TestEleven */,
			);
		};
/* End PBXProject section */

/* Begin PBXSourcesBuildPhase section */
		AAD609A71927BAA600DD2D9D /* Sources */ = {
			isa = PBXSourcesBuildPhase;
			buildActionMask = 2147483647;
			files = (
				AA5422CA1928E14600CE7A7A /* RenderObject.cpp in Sources */,
				AA5422D01928E1B600CE7A7A /* MainMenu.cpp in Sources */,
				AAD609AF1927BAA700DD2D9D /* main.cpp in Sources */,
				AA5422C71928E08D00CE7A7A /* GameState.cpp in Sources */,
				AA5422C41928E06400CE7A7A /* GameManager.cpp in Sources */,
				AA9CAD1E1931EA7500317121 /* Level2.cpp in Sources */,
				AA5422CD1928E16F00CE7A7A /* CollisionDetection.cpp in Sources */,
				AA9CAD1B1931EA6700317121 /* Level1.cpp in Sources */,
			);
			runOnlyForDeploymentPostprocessing = 0;
		};
/* End PBXSourcesBuildPhase section */

/* Begin XCBuildConfiguration section */
		AAD609B21927BAA700DD2D9D /* Debug */ = {
			isa = XCBuildConfiguration;
			buildSettings = {
				ALWAYS_SEARCH_USER_PATHS = NO;
				CLANG_CXX_LANGUAGE_STANDARD = "gnu++0x";
				CLANG_CXX_LIBRARY = "libc++";
				CLANG_ENABLE_MODULES = YES;
				CLANG_ENABLE_OBJC_ARC = YES;
				CLANG_WARN_BOOL_CONVERSION = YES;
				CLANG_WARN_CONSTANT_CONVERSION = YES;
				CLANG_WARN_DIRECT_OBJC_ISA_USAGE = YES_ERROR;
				CLANG_WARN_EMPTY_BODY = YES;
				CLANG_WARN_ENUM_CONVERSION = YES;
				CLANG_WARN_INT_CONVERSION = YES;
				CLANG_WARN_OBJC_ROOT_CLASS = YES_ERROR;
				CLANG_WARN__DUPLICATE_METHOD_MATCH = YES;
				COPY_PHASE_STRIP = NO;
				GCC_C_LANGUAGE_STANDARD = gnu99;
				GCC_DYNAMIC_NO_PIC = NO;
				GCC_ENABLE_OBJC_EXCEPTIONS = YES;
				GCC_OPTIMIZATION_LEVEL = 0;
				GCC_PREPROCESSOR_DEFINITIONS = (
					"DEBUG=1",
					"$(inherited)",
				);
				GCC_SYMBOLS_PRIVATE_EXTERN = NO;
				GCC_WARN_64_TO_32_BIT_CONVERSION = YES;
				GCC_WARN_ABOUT_RETURN_TYPE = YES_ERROR;
				GCC_WARN_UNDECLARED_SELECTOR = YES;
				GCC_WARN_UNINITIALIZED_AUTOS = YES_AGGRESSIVE;
				GCC_WARN_UNUSED_FUNCTION = YES;
				GCC_WARN_UNUSED_VARIABLE = YES;
				HEADER_SEARCH_PATHS = /Users/muhdmirzamz/Documents/Code/Projects/CPPProjects/Mazel/tests/TestEleven/SDL2.framework/Versions/A/Headers;
				MACOSX_DEPLOYMENT_TARGET = 10.9;
				ONLY_ACTIVE_ARCH = YES;
				SDKROOT = macosx;
			};
			name = Debug;
		};
		AAD609B31927BAA700DD2D9D /* Release */ = {
			isa = XCBuildConfiguration;
			buildSettings = {
				ALWAYS_SEARCH_USER_PATHS = NO;
				CLANG_CXX_LANGUAGE_STANDARD = "gnu++0x";
				CLANG_CXX_LIBRARY = "libc++";
				CLANG_ENABLE_MODULES = YES;
				CLANG_ENABLE_OBJC_ARC = YES;
				CLANG_WARN_BOOL_CONVERSION = YES;
				CLANG_WARN_CONSTANT_CONVERSION = YES;
				CLANG_WARN_DIRECT_OBJC_ISA_USAGE = YES_ERROR;
				CLANG_WARN_EMPTY_BODY = YES;
				CLANG_WARN_ENUM_CONVERSION = YES;
				CLANG_WARN_INT_CONVERSION = YES;
				CLANG_WARN_OBJC_ROOT_CLASS = YES_ERROR;
				CLANG_WARN__DUPLICATE_METHOD_MATCH = YES;
				COPY_PHASE_STRIP = YES;
				DEBUG_INFORMATION_FORMAT = "dwarf-with-dsym";
				ENABLE_NS_ASSERTIONS = NO;
				GCC_C_LANGUAGE_STANDARD = gnu99;
				GCC_ENABLE_OBJC_EXCEPTIONS = YES;
				GCC_WARN_64_TO_32_BIT_CONVERSION = YES;
				GCC_WARN_ABOUT_RETURN_TYPE = YES_ERROR;
				GCC_WARN_UNDECLARED_SELECTOR = YES;
				GCC_WARN_UNINITIALIZED_AUTOS = YES_AGGRESSIVE;
				GCC_WARN_UNUSED_FUNCTION = YES;
				GCC_WARN_UNUSED_VARIABLE = YES;
				HEADER_SEARCH_PATHS = /Users/muhdmirzamz/Documents/Code/Projects/CPPProjects/Mazel/tests/TestEleven/SDL2.framework/Versions/A/Headers;
				MACOSX_DEPLOYMENT_TARGET = 10.9;
				SDKROOT = macosx;
			};
			name = Release;
		};
		AAD609B51927BAA700DD2D9D /* Debug */ = {
			isa = XCBuildConfiguration;
			buildSettings = {
				CLANG_CXX_LANGUAGE_STANDARD = "c++0x";
				FRAMEWORK_SEARCH_PATHS = (
					"$(inherited)",
					/Users/muhdmirzamz/Documents/Softwares,
					"$(PROJECT_DIR)",
				);
				GCC_C_LANGUAGE_STANDARD = c11;
				PRODUCT_NAME = "$(TARGET_NAME)";
			};
			name = Debug;
		};
		AAD609B61927BAA700DD2D9D /* Release */ = {
			isa = XCBuildConfiguration;
			buildSettings = {
				CLANG_CXX_LANGUAGE_STANDARD = "c++0x";
				FRAMEWORK_SEARCH_PATHS = (
					"$(inherited)",
					/Users/muhdmirzamz/Documents/Softwares,
					"$(PROJECT_DIR)",
				);
				GCC_C_LANGUAGE_STANDARD = c11;
				PRODUCT_NAME = "$(TARGET_NAME)";
			};
			name = Release;
		};
/* End XCBuildConfiguration section */

/* Begin XCConfigurationList section */
		AAD609A61927BAA600DD2D9D /* Build configuration list for PBXProject "TestEleven" */ = {
			isa = XCConfigurationList;
			buildConfigurations = (
				AAD609B21927BAA700DD2D9D /* Debug */,
				AAD609B31927BAA700DD2D9D /* Release */,
			);
			defaultConfigurationIsVisible = 0;
			defaultConfigurationName = Release;
		};
		AAD609B41927BAA700DD2D9D /* Build configuration list for PBXNativeTarget "TestEleven" */ = {
			isa = XCConfigurationList;
			buildConfigurations = (
				AAD609B51927BAA700DD2D9D /* Debug */,
				AAD609B61927BAA700DD2D9D /* Release */,
			);
			defaultConfigurationIsVisible = 0;
			defaultConfigurationName = Release;
		};
/* End XCConfigurationList section */
	};
	rootObject = AAD609A31927BAA600DD2D9D /* Project object */;
}
