// !$*UTF8*$!
{
	archiveVersion = 1;
	classes = {
	};
	objectVersion = 46;
	objects = {

/* Begin PBXBuildFile section */
		AA246A1D19D18084005BBFD8 /* Enemy.cpp in Sources */ = {isa = PBXBuildFile; fileRef = AA246A1B19D18083005BBFD8 /* Enemy.cpp */; };
		AA3788751992017500101005 /* IntroScene.cpp in Sources */ = {isa = PBXBuildFile; fileRef = AA3788731992017500101005 /* IntroScene.cpp */; };
		AA382B3B1991F7B400120E47 /* SDL2.framework in Frameworks */ = {isa = PBXBuildFile; fileRef = AA382B3A1991F7B400120E47 /* SDL2.framework */; };
		AA3EEB4319C5BC16000B971D /* Ball.cpp in Sources */ = {isa = PBXBuildFile; fileRef = AA3EEB4119C5BC16000B971D /* Ball.cpp */; };
		AA43481A1989506000E3F306 /* main.cpp in Sources */ = {isa = PBXBuildFile; fileRef = AA4348181989506000E3F306 /* main.cpp */; };
		AA4348221989511600E3F306 /* GameState.cpp in Sources */ = {isa = PBXBuildFile; fileRef = AA4348201989511600E3F306 /* GameState.cpp */; };
		AA4348251989511C00E3F306 /* MainMenu.cpp in Sources */ = {isa = PBXBuildFile; fileRef = AA4348231989511C00E3F306 /* MainMenu.cpp */; };
		AA724B0619C3D57900B8B9DE /* NextLevelPage.cpp in Sources */ = {isa = PBXBuildFile; fileRef = AA724B0419C3D57900B8B9DE /* NextLevelPage.cpp */; };
		AA7A8EE219C88C9100BA7BC8 /* GameEndScene.cpp in Sources */ = {isa = PBXBuildFile; fileRef = AA7A8EE019C88C9100BA7BC8 /* GameEndScene.cpp */; };
		AA7BDEDA19ACA3700031A496 /* BasicLevel.cpp in Sources */ = {isa = PBXBuildFile; fileRef = AA7BDED819ACA3700031A496 /* BasicLevel.cpp */; };
		AABB756919C5CD2A00241D30 /* Obstacle.cpp in Sources */ = {isa = PBXBuildFile; fileRef = AABB756719C5CD2A00241D30 /* Obstacle.cpp */; };
		AABB756C19C5CD8C00241D30 /* Background.cpp in Sources */ = {isa = PBXBuildFile; fileRef = AABB756A19C5CD8C00241D30 /* Background.cpp */; };
		AABB757519C5CDD500241D30 /* Gui.cpp in Sources */ = {isa = PBXBuildFile; fileRef = AABB757319C5CDD500241D30 /* Gui.cpp */; };
		AAC50AFB19A624E400D6B3CE /* GameOverScene.cpp in Sources */ = {isa = PBXBuildFile; fileRef = AAC50AF919A624E400D6B3CE /* GameOverScene.cpp */; };
		AAD08F9F198D51A9008DFA5C /* GameManager.cpp in Sources */ = {isa = PBXBuildFile; fileRef = AAD08F9D198D51A9008DFA5C /* GameManager.cpp */; };
		AAD7E43719C32F1D0099D1AB /* InstructionsPage.cpp in Sources */ = {isa = PBXBuildFile; fileRef = AAD7E43519C32F1D0099D1AB /* InstructionsPage.cpp */; };
/* End PBXBuildFile section */

/* Begin PBXCopyFilesBuildPhase section */
		AA682E3A1902593400058604 /* CopyFiles */ = {
			isa = PBXCopyFilesBuildPhase;
			buildActionMask = 2147483647;
			dstPath = /usr/share/man/man1/;
			dstSubfolderSpec = 0;
			files = (
			);
			runOnlyForDeploymentPostprocessing = 1;
		};
/* End PBXCopyFilesBuildPhase section */

/* Begin PBXFileReference section */
		AA246A1B19D18083005BBFD8 /* Enemy.cpp */ = {isa = PBXFileReference; fileEncoding = 4; lastKnownFileType = sourcecode.cpp.cpp; path = Enemy.cpp; sourceTree = "<group>"; };
		AA246A1C19D18083005BBFD8 /* Enemy.h */ = {isa = PBXFileReference; fileEncoding = 4; lastKnownFileType = sourcecode.c.h; path = Enemy.h; sourceTree = "<group>"; };
		AA3788731992017500101005 /* IntroScene.cpp */ = {isa = PBXFileReference; fileEncoding = 4; lastKnownFileType = sourcecode.cpp.cpp; path = IntroScene.cpp; sourceTree = "<group>"; };
		AA3788741992017500101005 /* IntroScene.h */ = {isa = PBXFileReference; fileEncoding = 4; lastKnownFileType = sourcecode.c.h; path = IntroScene.h; sourceTree = "<group>"; };
		AA382B3A1991F7B400120E47 /* SDL2.framework */ = {isa = PBXFileReference; lastKnownFileType = wrapper.framework; path = SDL2.framework; sourceTree = "<group>"; };
		AA3EEB4119C5BC16000B971D /* Ball.cpp */ = {isa = PBXFileReference; fileEncoding = 4; lastKnownFileType = sourcecode.cpp.cpp; path = Ball.cpp; sourceTree = "<group>"; };
		AA3EEB4219C5BC16000B971D /* Ball.h */ = {isa = PBXFileReference; fileEncoding = 4; lastKnownFileType = sourcecode.c.h; path = Ball.h; sourceTree = "<group>"; };
		AA4348181989506000E3F306 /* main.cpp */ = {isa = PBXFileReference; fileEncoding = 4; lastKnownFileType = sourcecode.cpp.cpp; path = main.cpp; sourceTree = "<group>"; };
		AA4348201989511600E3F306 /* GameState.cpp */ = {isa = PBXFileReference; fileEncoding = 4; lastKnownFileType = sourcecode.cpp.cpp; path = GameState.cpp; sourceTree = "<group>"; };
		AA4348211989511600E3F306 /* GameState.h */ = {isa = PBXFileReference; fileEncoding = 4; lastKnownFileType = sourcecode.c.h; path = GameState.h; sourceTree = "<group>"; };
		AA4348231989511C00E3F306 /* MainMenu.cpp */ = {isa = PBXFileReference; fileEncoding = 4; lastKnownFileType = sourcecode.cpp.cpp; path = MainMenu.cpp; sourceTree = "<group>"; };
		AA4348241989511C00E3F306 /* MainMenu.h */ = {isa = PBXFileReference; fileEncoding = 4; lastKnownFileType = sourcecode.c.h; path = MainMenu.h; sourceTree = "<group>"; };
		AA682E3C1902593500058604 /* Mazel */ = {isa = PBXFileReference; explicitFileType = "compiled.mach-o.executable"; includeInIndex = 0; path = Mazel; sourceTree = BUILT_PRODUCTS_DIR; };
		AA724B0419C3D57900B8B9DE /* NextLevelPage.cpp */ = {isa = PBXFileReference; fileEncoding = 4; lastKnownFileType = sourcecode.cpp.cpp; path = NextLevelPage.cpp; sourceTree = "<group>"; };
		AA724B0519C3D57900B8B9DE /* NextLevelPage.h */ = {isa = PBXFileReference; fileEncoding = 4; lastKnownFileType = sourcecode.c.h; path = NextLevelPage.h; sourceTree = "<group>"; };
		AA7A8EE019C88C9100BA7BC8 /* GameEndScene.cpp */ = {isa = PBXFileReference; fileEncoding = 4; lastKnownFileType = sourcecode.cpp.cpp; path = GameEndScene.cpp; sourceTree = "<group>"; };
		AA7A8EE119C88C9100BA7BC8 /* GameEndScene.h */ = {isa = PBXFileReference; fileEncoding = 4; lastKnownFileType = sourcecode.c.h; path = GameEndScene.h; sourceTree = "<group>"; };
		AA7BDED819ACA3700031A496 /* BasicLevel.cpp */ = {isa = PBXFileReference; fileEncoding = 4; lastKnownFileType = sourcecode.cpp.cpp; path = BasicLevel.cpp; sourceTree = "<group>"; };
		AA7BDED919ACA3700031A496 /* BasicLevel.h */ = {isa = PBXFileReference; fileEncoding = 4; lastKnownFileType = sourcecode.c.h; path = BasicLevel.h; sourceTree = "<group>"; };
		AABB756719C5CD2A00241D30 /* Obstacle.cpp */ = {isa = PBXFileReference; fileEncoding = 4; lastKnownFileType = sourcecode.cpp.cpp; path = Obstacle.cpp; sourceTree = "<group>"; };
		AABB756819C5CD2A00241D30 /* Obstacle.h */ = {isa = PBXFileReference; fileEncoding = 4; lastKnownFileType = sourcecode.c.h; path = Obstacle.h; sourceTree = "<group>"; };
		AABB756A19C5CD8C00241D30 /* Background.cpp */ = {isa = PBXFileReference; fileEncoding = 4; lastKnownFileType = sourcecode.cpp.cpp; path = Background.cpp; sourceTree = "<group>"; };
		AABB756B19C5CD8C00241D30 /* Background.h */ = {isa = PBXFileReference; fileEncoding = 4; lastKnownFileType = sourcecode.c.h; path = Background.h; sourceTree = "<group>"; };
		AABB757319C5CDD500241D30 /* Gui.cpp */ = {isa = PBXFileReference; fileEncoding = 4; lastKnownFileType = sourcecode.cpp.cpp; path = Gui.cpp; sourceTree = "<group>"; };
		AABB757419C5CDD500241D30 /* Gui.h */ = {isa = PBXFileReference; fileEncoding = 4; lastKnownFileType = sourcecode.c.h; path = Gui.h; sourceTree = "<group>"; };
		AAC50AF919A624E400D6B3CE /* GameOverScene.cpp */ = {isa = PBXFileReference; fileEncoding = 4; lastKnownFileType = sourcecode.cpp.cpp; path = GameOverScene.cpp; sourceTree = "<group>"; };
		AAC50AFA19A624E400D6B3CE /* GameOverScene.h */ = {isa = PBXFileReference; fileEncoding = 4; lastKnownFileType = sourcecode.c.h; path = GameOverScene.h; sourceTree = "<group>"; };
		AAD08F9D198D51A9008DFA5C /* GameManager.cpp */ = {isa = PBXFileReference; fileEncoding = 4; lastKnownFileType = sourcecode.cpp.cpp; path = GameManager.cpp; sourceTree = "<group>"; };
		AAD08F9E198D51A9008DFA5C /* GameManager.h */ = {isa = PBXFileReference; fileEncoding = 4; lastKnownFileType = sourcecode.c.h; path = GameManager.h; sourceTree = "<group>"; };
		AAD7E43519C32F1D0099D1AB /* InstructionsPage.cpp */ = {isa = PBXFileReference; fileEncoding = 4; lastKnownFileType = sourcecode.cpp.cpp; path = InstructionsPage.cpp; sourceTree = "<group>"; };
		AAD7E43619C32F1D0099D1AB /* InstructionsPage.h */ = {isa = PBXFileReference; fileEncoding = 4; lastKnownFileType = sourcecode.c.h; path = InstructionsPage.h; sourceTree = "<group>"; };
		AAE8E2AC198E4F9200DB37AA /* Includes.h */ = {isa = PBXFileReference; lastKnownFileType = sourcecode.c.h; path = Includes.h; sourceTree = "<group>"; };
/* End PBXFileReference section */

/* Begin PBXFrameworksBuildPhase section */
		AA682E391902593400058604 /* Frameworks */ = {
			isa = PBXFrameworksBuildPhase;
			buildActionMask = 2147483647;
			files = (
				AA382B3B1991F7B400120E47 /* SDL2.framework in Frameworks */,
			);
			runOnlyForDeploymentPostprocessing = 0;
		};
/* End PBXFrameworksBuildPhase section */

/* Begin PBXGroup section */
		AA682E331902593400058604 = {
			isa = PBXGroup;
			children = (
				AA382B3A1991F7B400120E47 /* SDL2.framework */,
				AA682E3E1902593500058604 /* Mazel */,
				AA682E3D1902593500058604 /* Products */,
			);
			sourceTree = "<group>";
		};
		AA682E3D1902593500058604 /* Products */ = {
			isa = PBXGroup;
			children = (
				AA682E3C1902593500058604 /* Mazel */,
			);
			name = Products;
			sourceTree = "<group>";
		};
		AA682E3E1902593500058604 /* Mazel */ = {
			isa = PBXGroup;
			children = (
				AA4348181989506000E3F306 /* main.cpp */,
				AAE8E2AC198E4F9200DB37AA /* Includes.h */,
				AAD08F9D198D51A9008DFA5C /* GameManager.cpp */,
				AAD08F9E198D51A9008DFA5C /* GameManager.h */,
				AA4348201989511600E3F306 /* GameState.cpp */,
				AA4348211989511600E3F306 /* GameState.h */,
				AABB756A19C5CD8C00241D30 /* Background.cpp */,
				AABB756B19C5CD8C00241D30 /* Background.h */,
				AABB757319C5CDD500241D30 /* Gui.cpp */,
				AABB757419C5CDD500241D30 /* Gui.h */,
				AA3EEB4119C5BC16000B971D /* Ball.cpp */,
				AA3EEB4219C5BC16000B971D /* Ball.h */,
				AABB756719C5CD2A00241D30 /* Obstacle.cpp */,
				AABB756819C5CD2A00241D30 /* Obstacle.h */,
				AA246A1B19D18083005BBFD8 /* Enemy.cpp */,
				AA246A1C19D18083005BBFD8 /* Enemy.h */,
				AA3788731992017500101005 /* IntroScene.cpp */,
				AA3788741992017500101005 /* IntroScene.h */,
				AA4348231989511C00E3F306 /* MainMenu.cpp */,
				AA4348241989511C00E3F306 /* MainMenu.h */,
				AAD7E43519C32F1D0099D1AB /* InstructionsPage.cpp */,
				AAD7E43619C32F1D0099D1AB /* InstructionsPage.h */,
				AA7BDED819ACA3700031A496 /* BasicLevel.cpp */,
				AA7BDED919ACA3700031A496 /* BasicLevel.h */,
				AA724B0419C3D57900B8B9DE /* NextLevelPage.cpp */,
				AA724B0519C3D57900B8B9DE /* NextLevelPage.h */,
				AAC50AF919A624E400D6B3CE /* GameOverScene.cpp */,
				AAC50AFA19A624E400D6B3CE /* GameOverScene.h */,
				AA7A8EE019C88C9100BA7BC8 /* GameEndScene.cpp */,
				AA7A8EE119C88C9100BA7BC8 /* GameEndScene.h */,
			);
			path = Mazel;
			sourceTree = "<group>";
		};
/* End PBXGroup section */

/* Begin PBXNativeTarget section */
		AA682E3B1902593400058604 /* Mazel */ = {
			isa = PBXNativeTarget;
			buildConfigurationList = AA682E451902593500058604 /* Build configuration list for PBXNativeTarget "Mazel" */;
			buildPhases = (
				AA682E381902593400058604 /* Sources */,
				AA682E391902593400058604 /* Frameworks */,
				AA682E3A1902593400058604 /* CopyFiles */,
			);
			buildRules = (
			);
			dependencies = (
			);
			name = Mazel;
			productName = Mazel;
			productReference = AA682E3C1902593500058604 /* Mazel */;
			productType = "com.apple.product-type.tool";
		};
/* End PBXNativeTarget section */

/* Begin PBXProject section */
		AA682E341902593400058604 /* Project object */ = {
			isa = PBXProject;
			attributes = {
				LastUpgradeCheck = 0510;
				ORGANIZATIONNAME = "Muhd Mirza";
			};
			buildConfigurationList = AA682E371902593400058604 /* Build configuration list for PBXProject "Mazel" */;
			compatibilityVersion = "Xcode 3.2";
			developmentRegion = English;
			hasScannedForEncodings = 0;
			knownRegions = (
				en,
			);
			mainGroup = AA682E331902593400058604;
			productRefGroup = AA682E3D1902593500058604 /* Products */;
			projectDirPath = "";
			projectRoot = "";
			targets = (
				AA682E3B1902593400058604 /* Mazel */,
			);
		};
/* End PBXProject section */

/* Begin PBXSourcesBuildPhase section */
		AA682E381902593400058604 /* Sources */ = {
			isa = PBXSourcesBuildPhase;
			buildActionMask = 2147483647;
			files = (
				AA7A8EE219C88C9100BA7BC8 /* GameEndScene.cpp in Sources */,
				AA3EEB4319C5BC16000B971D /* Ball.cpp in Sources */,
				AA43481A1989506000E3F306 /* main.cpp in Sources */,
				AA3788751992017500101005 /* IntroScene.cpp in Sources */,
				AAD08F9F198D51A9008DFA5C /* GameManager.cpp in Sources */,
				AA4348221989511600E3F306 /* GameState.cpp in Sources */,
				AA7BDEDA19ACA3700031A496 /* BasicLevel.cpp in Sources */,
				AABB756919C5CD2A00241D30 /* Obstacle.cpp in Sources */,
				AA724B0619C3D57900B8B9DE /* NextLevelPage.cpp in Sources */,
				AA4348251989511C00E3F306 /* MainMenu.cpp in Sources */,
				AAD7E43719C32F1D0099D1AB /* InstructionsPage.cpp in Sources */,
				AAC50AFB19A624E400D6B3CE /* GameOverScene.cpp in Sources */,
				AA246A1D19D18084005BBFD8 /* Enemy.cpp in Sources */,
				AABB757519C5CDD500241D30 /* Gui.cpp in Sources */,
				AABB756C19C5CD8C00241D30 /* Background.cpp in Sources */,
			);
			runOnlyForDeploymentPostprocessing = 0;
		};
/* End PBXSourcesBuildPhase section */

/* Begin XCBuildConfiguration section */
		AA682E431902593500058604 /* Debug */ = {
			isa = XCBuildConfiguration;
			buildSettings = {
				ALWAYS_SEARCH_USER_PATHS = NO;
				CLANG_CXX_LANGUAGE_STANDARD = "gnu++0x";
				CLANG_CXX_LIBRARY = "libc++";
				CLANG_ENABLE_MODULES = YES;
				CLANG_ENABLE_OBJC_ARC = YES;
				CLANG_WARN_BOOL_CONVERSION = YES;
				CLANG_WARN_CONSTANT_CONVERSION = YES;
				CLANG_WARN_DIRECT_OBJC_ISA_USAGE = YES_ERROR;
				CLANG_WARN_EMPTY_BODY = YES;
				CLANG_WARN_ENUM_CONVERSION = YES;
				CLANG_WARN_INT_CONVERSION = YES;
				CLANG_WARN_OBJC_ROOT_CLASS = YES_ERROR;
				CLANG_WARN__DUPLICATE_METHOD_MATCH = YES;
				COPY_PHASE_STRIP = NO;
				FRAMEWORK_SEARCH_PATHS = /Users/muhdmirzamz/Documents/Code/Projects/CPPProjects/Mazel;
				GCC_C_LANGUAGE_STANDARD = gnu99;
				GCC_DYNAMIC_NO_PIC = NO;
				GCC_ENABLE_OBJC_EXCEPTIONS = YES;
				GCC_OPTIMIZATION_LEVEL = 0;
				GCC_PREPROCESSOR_DEFINITIONS = (
					"DEBUG=1",
					"$(inherited)",
				);
				GCC_SYMBOLS_PRIVATE_EXTERN = NO;
				GCC_WARN_64_TO_32_BIT_CONVERSION = YES;
				GCC_WARN_ABOUT_RETURN_TYPE = YES_ERROR;
				GCC_WARN_UNDECLARED_SELECTOR = YES;
				GCC_WARN_UNINITIALIZED_AUTOS = YES_AGGRESSIVE;
				GCC_WARN_UNUSED_FUNCTION = YES;
				GCC_WARN_UNUSED_VARIABLE = YES;
				HEADER_SEARCH_PATHS = /Users/muhdmirzamz/Documents/Softwares/SDL2.framework/Versions/A/Headers;
				MACOSX_DEPLOYMENT_TARGET = 10.9;
				ONLY_ACTIVE_ARCH = YES;
				SDKROOT = macosx;
			};
			name = Debug;
		};
		AA682E441902593500058604 /* Release */ = {
			isa = XCBuildConfiguration;
			buildSettings = {
				ALWAYS_SEARCH_USER_PATHS = NO;
				CLANG_CXX_LANGUAGE_STANDARD = "gnu++0x";
				CLANG_CXX_LIBRARY = "libc++";
				CLANG_ENABLE_MODULES = YES;
				CLANG_ENABLE_OBJC_ARC = YES;
				CLANG_WARN_BOOL_CONVERSION = YES;
				CLANG_WARN_CONSTANT_CONVERSION = YES;
				CLANG_WARN_DIRECT_OBJC_ISA_USAGE = YES_ERROR;
				CLANG_WARN_EMPTY_BODY = YES;
				CLANG_WARN_ENUM_CONVERSION = YES;
				CLANG_WARN_INT_CONVERSION = YES;
				CLANG_WARN_OBJC_ROOT_CLASS = YES_ERROR;
				CLANG_WARN__DUPLICATE_METHOD_MATCH = YES;
				COPY_PHASE_STRIP = YES;
				DEBUG_INFORMATION_FORMAT = "dwarf-with-dsym";
				ENABLE_NS_ASSERTIONS = NO;
				FRAMEWORK_SEARCH_PATHS = /Users/muhdmirzamz/Documents/Code/Projects/CPPProjects/Mazel;
				GCC_C_LANGUAGE_STANDARD = gnu99;
				GCC_ENABLE_OBJC_EXCEPTIONS = YES;
				GCC_WARN_64_TO_32_BIT_CONVERSION = YES;
				GCC_WARN_ABOUT_RETURN_TYPE = YES_ERROR;
				GCC_WARN_UNDECLARED_SELECTOR = YES;
				GCC_WARN_UNINITIALIZED_AUTOS = YES_AGGRESSIVE;
				GCC_WARN_UNUSED_FUNCTION = YES;
				GCC_WARN_UNUSED_VARIABLE = YES;
				HEADER_SEARCH_PATHS = /Users/muhdmirzamz/Documents/Softwares/SDL2.framework/Versions/A/Headers;
				MACOSX_DEPLOYMENT_TARGET = 10.9;
				SDKROOT = macosx;
			};
			name = Release;
		};
		AA682E461902593500058604 /* Debug */ = {
			isa = XCBuildConfiguration;
			buildSettings = {
				CLANG_CXX_LANGUAGE_STANDARD = "c++0x";
				FRAMEWORK_SEARCH_PATHS = (
					"$(inherited)",
					/Users/muhdmirzamz/Documents/Softwares,
					"$(PROJECT_DIR)/Mazel",
					"$(PROJECT_DIR)",
				);
				GCC_C_LANGUAGE_STANDARD = c11;
				PRODUCT_NAME = "$(TARGET_NAME)";
			};
			name = Debug;
		};
		AA682E471902593500058604 /* Release */ = {
			isa = XCBuildConfiguration;
			buildSettings = {
				CLANG_CXX_LANGUAGE_STANDARD = "c++0x";
				FRAMEWORK_SEARCH_PATHS = (
					"$(inherited)",
					/Users/muhdmirzamz/Documents/Softwares,
					"$(PROJECT_DIR)/Mazel",
					"$(PROJECT_DIR)",
				);
				GCC_C_LANGUAGE_STANDARD = c11;
				PRODUCT_NAME = "$(TARGET_NAME)";
			};
			name = Release;
		};
/* End XCBuildConfiguration section */

/* Begin XCConfigurationList section */
		AA682E371902593400058604 /* Build configuration list for PBXProject "Mazel" */ = {
			isa = XCConfigurationList;
			buildConfigurations = (
				AA682E431902593500058604 /* Debug */,
				AA682E441902593500058604 /* Release */,
			);
			defaultConfigurationIsVisible = 0;
			defaultConfigurationName = Release;
		};
		AA682E451902593500058604 /* Build configuration list for PBXNativeTarget "Mazel" */ = {
			isa = XCConfigurationList;
			buildConfigurations = (
				AA682E461902593500058604 /* Debug */,
				AA682E471902593500058604 /* Release */,
			);
			defaultConfigurationIsVisible = 0;
			defaultConfigurationName = Release;
		};
/* End XCConfigurationList section */
	};
	rootObject = AA682E341902593400058604 /* Project object */;
}
